// !$*UTF8*$!
{
	archiveVersion = 1;
	classes = {
	};
	objectVersion = 56;
	objects = {

/* Begin PBXBuildFile section */
		F1A351B12AFC36A30024F854 /* FetchDessertsApp.swift in Sources */ = {isa = PBXBuildFile; fileRef = F1A351B02AFC36A30024F854 /* FetchDessertsApp.swift */; };
		F1A351B32AFC36A30024F854 /* MainPageView.swift in Sources */ = {isa = PBXBuildFile; fileRef = F1A351B22AFC36A30024F854 /* MainPageView.swift */; };
		F1A351B52AFC36A50024F854 /* Assets.xcassets in Resources */ = {isa = PBXBuildFile; fileRef = F1A351B42AFC36A50024F854 /* Assets.xcassets */; };
		F1A351B82AFC36A50024F854 /* Preview Assets.xcassets in Resources */ = {isa = PBXBuildFile; fileRef = F1A351B72AFC36A50024F854 /* Preview Assets.xcassets */; };
		F1A351C22AFC36A50024F854 /* FetchDessertsTests.swift in Sources */ = {isa = PBXBuildFile; fileRef = F1A351C12AFC36A50024F854 /* FetchDessertsTests.swift */; };
		F1A351CC2AFC36A50024F854 /* FetchDessertsUITests.swift in Sources */ = {isa = PBXBuildFile; fileRef = F1A351CB2AFC36A50024F854 /* FetchDessertsUITests.swift */; };
		F1A351CE2AFC36A50024F854 /* FetchDessertsUITestsLaunchTests.swift in Sources */ = {isa = PBXBuildFile; fileRef = F1A351CD2AFC36A50024F854 /* FetchDessertsUITestsLaunchTests.swift */; };
		F1A351DD2AFC390D0024F854 /* DessertsRepository.swift in Sources */ = {isa = PBXBuildFile; fileRef = F1A351DC2AFC390D0024F854 /* DessertsRepository.swift */; };
		F1A351E02AFC3A680024F854 /* Dessert.swift in Sources */ = {isa = PBXBuildFile; fileRef = F1A351DF2AFC3A680024F854 /* Dessert.swift */; };
		F1A351E22AFC6E580024F854 /* testDessertPreviewsData.json in Resources */ = {isa = PBXBuildFile; fileRef = F1A351E12AFC6E580024F854 /* testDessertPreviewsData.json */; };
		F1A351E42AFC6E870024F854 /* testDessertData.json in Resources */ = {isa = PBXBuildFile; fileRef = F1A351E32AFC6E870024F854 /* testDessertData.json */; };
		F1A351E82AFC7C900024F854 /* DessertsFeedViewModel.swift in Sources */ = {isa = PBXBuildFile; fileRef = F1A351E72AFC7C900024F854 /* DessertsFeedViewModel.swift */; };
		F1A351EA2AFC82160024F854 /* DessertsFeedView.swift in Sources */ = {isa = PBXBuildFile; fileRef = F1A351E92AFC82160024F854 /* DessertsFeedView.swift */; };
		F1A351EC2AFC83C10024F854 /* DessertPreviewView.swift in Sources */ = {isa = PBXBuildFile; fileRef = F1A351EB2AFC83C10024F854 /* DessertPreviewView.swift */; };
/* End PBXBuildFile section */

/* Begin PBXContainerItemProxy section */
		F1A351BE2AFC36A50024F854 /* PBXContainerItemProxy */ = {
			isa = PBXContainerItemProxy;
			containerPortal = F1A351A52AFC36A30024F854 /* Project object */;
			proxyType = 1;
			remoteGlobalIDString = F1A351AC2AFC36A30024F854;
			remoteInfo = FetchDesserts;
		};
		F1A351C82AFC36A50024F854 /* PBXContainerItemProxy */ = {
			isa = PBXContainerItemProxy;
			containerPortal = F1A351A52AFC36A30024F854 /* Project object */;
			proxyType = 1;
			remoteGlobalIDString = F1A351AC2AFC36A30024F854;
			remoteInfo = FetchDesserts;
		};
/* End PBXContainerItemProxy section */

/* Begin PBXFileReference section */
		F1A351AD2AFC36A30024F854 /* FetchDesserts.app */ = {isa = PBXFileReference; explicitFileType = wrapper.application; includeInIndex = 0; path = FetchDesserts.app; sourceTree = BUILT_PRODUCTS_DIR; };
		F1A351B02AFC36A30024F854 /* FetchDessertsApp.swift */ = {isa = PBXFileReference; lastKnownFileType = sourcecode.swift; path = FetchDessertsApp.swift; sourceTree = "<group>"; };
		F1A351B22AFC36A30024F854 /* MainPageView.swift */ = {isa = PBXFileReference; lastKnownFileType = sourcecode.swift; path = MainPageView.swift; sourceTree = "<group>"; };
		F1A351B42AFC36A50024F854 /* Assets.xcassets */ = {isa = PBXFileReference; lastKnownFileType = folder.assetcatalog; path = Assets.xcassets; sourceTree = "<group>"; };
		F1A351B72AFC36A50024F854 /* Preview Assets.xcassets */ = {isa = PBXFileReference; lastKnownFileType = folder.assetcatalog; path = "Preview Assets.xcassets"; sourceTree = "<group>"; };
		F1A351BD2AFC36A50024F854 /* FetchDessertsTests.xctest */ = {isa = PBXFileReference; explicitFileType = wrapper.cfbundle; includeInIndex = 0; path = FetchDessertsTests.xctest; sourceTree = BUILT_PRODUCTS_DIR; };
		F1A351C12AFC36A50024F854 /* FetchDessertsTests.swift */ = {isa = PBXFileReference; lastKnownFileType = sourcecode.swift; path = FetchDessertsTests.swift; sourceTree = "<group>"; };
		F1A351C72AFC36A50024F854 /* FetchDessertsUITests.xctest */ = {isa = PBXFileReference; explicitFileType = wrapper.cfbundle; includeInIndex = 0; path = FetchDessertsUITests.xctest; sourceTree = BUILT_PRODUCTS_DIR; };
		F1A351CB2AFC36A50024F854 /* FetchDessertsUITests.swift */ = {isa = PBXFileReference; lastKnownFileType = sourcecode.swift; path = FetchDessertsUITests.swift; sourceTree = "<group>"; };
		F1A351CD2AFC36A50024F854 /* FetchDessertsUITestsLaunchTests.swift */ = {isa = PBXFileReference; lastKnownFileType = sourcecode.swift; path = FetchDessertsUITestsLaunchTests.swift; sourceTree = "<group>"; };
		F1A351DC2AFC390D0024F854 /* DessertsRepository.swift */ = {isa = PBXFileReference; lastKnownFileType = sourcecode.swift; path = DessertsRepository.swift; sourceTree = "<group>"; };
		F1A351DF2AFC3A680024F854 /* Dessert.swift */ = {isa = PBXFileReference; lastKnownFileType = sourcecode.swift; path = Dessert.swift; sourceTree = "<group>"; };
		F1A351E12AFC6E580024F854 /* testDessertPreviewsData.json */ = {isa = PBXFileReference; lastKnownFileType = text.json; path = testDessertPreviewsData.json; sourceTree = "<group>"; };
		F1A351E32AFC6E870024F854 /* testDessertData.json */ = {isa = PBXFileReference; lastKnownFileType = text.json; path = testDessertData.json; sourceTree = "<group>"; };
		F1A351E72AFC7C900024F854 /* DessertsFeedViewModel.swift */ = {isa = PBXFileReference; lastKnownFileType = sourcecode.swift; path = DessertsFeedViewModel.swift; sourceTree = "<group>"; };
		F1A351E92AFC82160024F854 /* DessertsFeedView.swift */ = {isa = PBXFileReference; lastKnownFileType = sourcecode.swift; path = DessertsFeedView.swift; sourceTree = "<group>"; };
		F1A351EB2AFC83C10024F854 /* DessertPreviewView.swift */ = {isa = PBXFileReference; lastKnownFileType = sourcecode.swift; path = DessertPreviewView.swift; sourceTree = "<group>"; };
/* End PBXFileReference section */

/* Begin PBXFrameworksBuildPhase section */
		F1A351AA2AFC36A30024F854 /* Frameworks */ = {
			isa = PBXFrameworksBuildPhase;
			buildActionMask = 2147483647;
			files = (
			);
			runOnlyForDeploymentPostprocessing = 0;
		};
		F1A351BA2AFC36A50024F854 /* Frameworks */ = {
			isa = PBXFrameworksBuildPhase;
			buildActionMask = 2147483647;
			files = (
			);
			runOnlyForDeploymentPostprocessing = 0;
		};
		F1A351C42AFC36A50024F854 /* Frameworks */ = {
			isa = PBXFrameworksBuildPhase;
			buildActionMask = 2147483647;
			files = (
			);
			runOnlyForDeploymentPostprocessing = 0;
		};
/* End PBXFrameworksBuildPhase section */

/* Begin PBXGroup section */
		F1A351A42AFC36A30024F854 = {
			isa = PBXGroup;
			children = (
				F1A351AF2AFC36A30024F854 /* FetchDesserts */,
				F1A351C02AFC36A50024F854 /* FetchDessertsTests */,
				F1A351CA2AFC36A50024F854 /* FetchDessertsUITests */,
				F1A351AE2AFC36A30024F854 /* Products */,
			);
			sourceTree = "<group>";
		};
		F1A351AE2AFC36A30024F854 /* Products */ = {
			isa = PBXGroup;
			children = (
				F1A351AD2AFC36A30024F854 /* FetchDesserts.app */,
				F1A351BD2AFC36A50024F854 /* FetchDessertsTests.xctest */,
				F1A351C72AFC36A50024F854 /* FetchDessertsUITests.xctest */,
			);
			name = Products;
			sourceTree = "<group>";
		};
		F1A351AF2AFC36A30024F854 /* FetchDesserts */ = {
			isa = PBXGroup;
			children = (
				F1A351E62AFC7C6A0024F854 /* ViewModels */,
				F1A351E52AFC7BD70024F854 /* Views */,
				F1A351DE2AFC39890024F854 /* Models */,
				F1A351DA2AFC38960024F854 /* Repositories */,
				F1A351B02AFC36A30024F854 /* FetchDessertsApp.swift */,
				F1A351B42AFC36A50024F854 /* Assets.xcassets */,
				F1A351B62AFC36A50024F854 /* Preview Content */,
			);
			path = FetchDesserts;
			sourceTree = "<group>";
		};
		F1A351B62AFC36A50024F854 /* Preview Content */ = {
			isa = PBXGroup;
			children = (
				F1A351B72AFC36A50024F854 /* Preview Assets.xcassets */,
			);
			path = "Preview Content";
			sourceTree = "<group>";
		};
		F1A351C02AFC36A50024F854 /* FetchDessertsTests */ = {
			isa = PBXGroup;
			children = (
				F1A351C12AFC36A50024F854 /* FetchDessertsTests.swift */,
				F1A351E12AFC6E580024F854 /* testDessertPreviewsData.json */,
				F1A351E32AFC6E870024F854 /* testDessertData.json */,
			);
			path = FetchDessertsTests;
			sourceTree = "<group>";
		};
		F1A351CA2AFC36A50024F854 /* FetchDessertsUITests */ = {
			isa = PBXGroup;
			children = (
				F1A351CB2AFC36A50024F854 /* FetchDessertsUITests.swift */,
				F1A351CD2AFC36A50024F854 /* FetchDessertsUITestsLaunchTests.swift */,
			);
			path = FetchDessertsUITests;
			sourceTree = "<group>";
		};
		F1A351DA2AFC38960024F854 /* Repositories */ = {
			isa = PBXGroup;
			children = (
				F1A351DC2AFC390D0024F854 /* DessertsRepository.swift */,
			);
			path = Repositories;
			sourceTree = "<group>";
		};
		F1A351DE2AFC39890024F854 /* Models */ = {
			isa = PBXGroup;
			children = (
				F1A351DF2AFC3A680024F854 /* Dessert.swift */,
			);
			path = Models;
			sourceTree = "<group>";
		};
		F1A351E52AFC7BD70024F854 /* Views */ = {
			isa = PBXGroup;
			children = (
				F1A351B22AFC36A30024F854 /* MainPageView.swift */,
				F1A351E92AFC82160024F854 /* DessertsFeedView.swift */,
				F1A351EB2AFC83C10024F854 /* DessertPreviewView.swift */,
			);
			path = Views;
			sourceTree = "<group>";
		};
		F1A351E62AFC7C6A0024F854 /* ViewModels */ = {
			isa = PBXGroup;
			children = (
				F1A351E72AFC7C900024F854 /* DessertsFeedViewModel.swift */,
			);
			path = ViewModels;
			sourceTree = "<group>";
		};
/* End PBXGroup section */

/* Begin PBXNativeTarget section */
		F1A351AC2AFC36A30024F854 /* FetchDesserts */ = {
			isa = PBXNativeTarget;
			buildConfigurationList = F1A351D12AFC36A50024F854 /* Build configuration list for PBXNativeTarget "FetchDesserts" */;
			buildPhases = (
				F1A351A92AFC36A30024F854 /* Sources */,
				F1A351AA2AFC36A30024F854 /* Frameworks */,
				F1A351AB2AFC36A30024F854 /* Resources */,
			);
			buildRules = (
			);
			dependencies = (
			);
			name = FetchDesserts;
			packageProductDependencies = (
			);
			productName = FetchDesserts;
			productReference = F1A351AD2AFC36A30024F854 /* FetchDesserts.app */;
			productType = "com.apple.product-type.application";
		};
		F1A351BC2AFC36A50024F854 /* FetchDessertsTests */ = {
			isa = PBXNativeTarget;
			buildConfigurationList = F1A351D42AFC36A50024F854 /* Build configuration list for PBXNativeTarget "FetchDessertsTests" */;
			buildPhases = (
				F1A351B92AFC36A50024F854 /* Sources */,
				F1A351BA2AFC36A50024F854 /* Frameworks */,
				F1A351BB2AFC36A50024F854 /* Resources */,
			);
			buildRules = (
			);
			dependencies = (
				F1A351BF2AFC36A50024F854 /* PBXTargetDependency */,
			);
			name = FetchDessertsTests;
			productName = FetchDessertsTests;
			productReference = F1A351BD2AFC36A50024F854 /* FetchDessertsTests.xctest */;
			productType = "com.apple.product-type.bundle.unit-test";
		};
		F1A351C62AFC36A50024F854 /* FetchDessertsUITests */ = {
			isa = PBXNativeTarget;
			buildConfigurationList = F1A351D72AFC36A50024F854 /* Build configuration list for PBXNativeTarget "FetchDessertsUITests" */;
			buildPhases = (
				F1A351C32AFC36A50024F854 /* Sources */,
				F1A351C42AFC36A50024F854 /* Frameworks */,
				F1A351C52AFC36A50024F854 /* Resources */,
			);
			buildRules = (
			);
			dependencies = (
				F1A351C92AFC36A50024F854 /* PBXTargetDependency */,
			);
			name = FetchDessertsUITests;
			productName = FetchDessertsUITests;
			productReference = F1A351C72AFC36A50024F854 /* FetchDessertsUITests.xctest */;
			productType = "com.apple.product-type.bundle.ui-testing";
		};
/* End PBXNativeTarget section */

/* Begin PBXProject section */
		F1A351A52AFC36A30024F854 /* Project object */ = {
			isa = PBXProject;
			attributes = {
				BuildIndependentTargetsInParallel = 1;
				LastSwiftUpdateCheck = 1500;
				LastUpgradeCheck = 1500;
				TargetAttributes = {
					F1A351AC2AFC36A30024F854 = {
						CreatedOnToolsVersion = 15.0.1;
					};
					F1A351BC2AFC36A50024F854 = {
						CreatedOnToolsVersion = 15.0.1;
						TestTargetID = F1A351AC2AFC36A30024F854;
					};
					F1A351C62AFC36A50024F854 = {
						CreatedOnToolsVersion = 15.0.1;
						TestTargetID = F1A351AC2AFC36A30024F854;
					};
				};
			};
			buildConfigurationList = F1A351A82AFC36A30024F854 /* Build configuration list for PBXProject "FetchDesserts" */;
			compatibilityVersion = "Xcode 14.0";
			developmentRegion = en;
			hasScannedForEncodings = 0;
			knownRegions = (
				en,
				Base,
			);
			mainGroup = F1A351A42AFC36A30024F854;
			packageReferences = (
			);
			productRefGroup = F1A351AE2AFC36A30024F854 /* Products */;
			projectDirPath = "";
			projectRoot = "";
			targets = (
				F1A351AC2AFC36A30024F854 /* FetchDesserts */,
				F1A351BC2AFC36A50024F854 /* FetchDessertsTests */,
				F1A351C62AFC36A50024F854 /* FetchDessertsUITests */,
			);
		};
/* End PBXProject section */

/* Begin PBXResourcesBuildPhase section */
		F1A351AB2AFC36A30024F854 /* Resources */ = {
			isa = PBXResourcesBuildPhase;
			buildActionMask = 2147483647;
			files = (
				F1A351B82AFC36A50024F854 /* Preview Assets.xcassets in Resources */,
				F1A351B52AFC36A50024F854 /* Assets.xcassets in Resources */,
			);
			runOnlyForDeploymentPostprocessing = 0;
		};
		F1A351BB2AFC36A50024F854 /* Resources */ = {
			isa = PBXResourcesBuildPhase;
			buildActionMask = 2147483647;
			files = (
				F1A351E42AFC6E870024F854 /* testDessertData.json in Resources */,
				F1A351E22AFC6E580024F854 /* testDessertPreviewsData.json in Resources */,
			);
			runOnlyForDeploymentPostprocessing = 0;
		};
		F1A351C52AFC36A50024F854 /* Resources */ = {
			isa = PBXResourcesBuildPhase;
			buildActionMask = 2147483647;
			files = (
			);
			runOnlyForDeploymentPostprocessing = 0;
		};
/* End PBXResourcesBuildPhase section */

/* Begin PBXSourcesBuildPhase section */
		F1A351A92AFC36A30024F854 /* Sources */ = {
			isa = PBXSourcesBuildPhase;
			buildActionMask = 2147483647;
			files = (
				F1A351B32AFC36A30024F854 /* MainPageView.swift in Sources */,
				F1A351EC2AFC83C10024F854 /* DessertPreviewView.swift in Sources */,
				F1A351B12AFC36A30024F854 /* FetchDessertsApp.swift in Sources */,
				F1A351E02AFC3A680024F854 /* Dessert.swift in Sources */,
				F1A351DD2AFC390D0024F854 /* DessertsRepository.swift in Sources */,
				F1A351E82AFC7C900024F854 /* DessertsFeedViewModel.swift in Sources */,
				F1A351EA2AFC82160024F854 /* DessertsFeedView.swift in Sources */,
			);
			runOnlyForDeploymentPostprocessing = 0;
		};
		F1A351B92AFC36A50024F854 /* Sources */ = {
			isa = PBXSourcesBuildPhase;
			buildActionMask = 2147483647;
			files = (
				F1A351C22AFC36A50024F854 /* FetchDessertsTests.swift in Sources */,
			);
			runOnlyForDeploymentPostprocessing = 0;
		};
		F1A351C32AFC36A50024F854 /* Sources */ = {
			isa = PBXSourcesBuildPhase;
			buildActionMask = 2147483647;
			files = (
				F1A351CE2AFC36A50024F854 /* FetchDessertsUITestsLaunchTests.swift in Sources */,
				F1A351CC2AFC36A50024F854 /* FetchDessertsUITests.swift in Sources */,
			);
			runOnlyForDeploymentPostprocessing = 0;
		};
/* End PBXSourcesBuildPhase section */

/* Begin PBXTargetDependency section */
		F1A351BF2AFC36A50024F854 /* PBXTargetDependency */ = {
			isa = PBXTargetDependency;
			target = F1A351AC2AFC36A30024F854 /* FetchDesserts */;
			targetProxy = F1A351BE2AFC36A50024F854 /* PBXContainerItemProxy */;
		};
		F1A351C92AFC36A50024F854 /* PBXTargetDependency */ = {
			isa = PBXTargetDependency;
			target = F1A351AC2AFC36A30024F854 /* FetchDesserts */;
			targetProxy = F1A351C82AFC36A50024F854 /* PBXContainerItemProxy */;
		};
/* End PBXTargetDependency section */

/* Begin XCBuildConfiguration section */
		F1A351CF2AFC36A50024F854 /* Debug */ = {
			isa = XCBuildConfiguration;
			buildSettings = {
				ALWAYS_SEARCH_USER_PATHS = NO;
				ASSETCATALOG_COMPILER_GENERATE_SWIFT_ASSET_SYMBOL_EXTENSIONS = YES;
				CLANG_ANALYZER_NONNULL = YES;
				CLANG_ANALYZER_NUMBER_OBJECT_CONVERSION = YES_AGGRESSIVE;
				CLANG_CXX_LANGUAGE_STANDARD = "gnu++20";
				CLANG_ENABLE_MODULES = YES;
				CLANG_ENABLE_OBJC_ARC = YES;
				CLANG_ENABLE_OBJC_WEAK = YES;
				CLANG_WARN_BLOCK_CAPTURE_AUTORELEASING = YES;
				CLANG_WARN_BOOL_CONVERSION = YES;
				CLANG_WARN_COMMA = YES;
				CLANG_WARN_CONSTANT_CONVERSION = YES;
				CLANG_WARN_DEPRECATED_OBJC_IMPLEMENTATIONS = YES;
				CLANG_WARN_DIRECT_OBJC_ISA_USAGE = YES_ERROR;
				CLANG_WARN_DOCUMENTATION_COMMENTS = YES;
				CLANG_WARN_EMPTY_BODY = YES;
				CLANG_WARN_ENUM_CONVERSION = YES;
				CLANG_WARN_INFINITE_RECURSION = YES;
				CLANG_WARN_INT_CONVERSION = YES;
				CLANG_WARN_NON_LITERAL_NULL_CONVERSION = YES;
				CLANG_WARN_OBJC_IMPLICIT_RETAIN_SELF = YES;
				CLANG_WARN_OBJC_LITERAL_CONVERSION = YES;
				CLANG_WARN_OBJC_ROOT_CLASS = YES_ERROR;
				CLANG_WARN_QUOTED_INCLUDE_IN_FRAMEWORK_HEADER = YES;
				CLANG_WARN_RANGE_LOOP_ANALYSIS = YES;
				CLANG_WARN_STRICT_PROTOTYPES = YES;
				CLANG_WARN_SUSPICIOUS_MOVE = YES;
				CLANG_WARN_UNGUARDED_AVAILABILITY = YES_AGGRESSIVE;
				CLANG_WARN_UNREACHABLE_CODE = YES;
				CLANG_WARN__DUPLICATE_METHOD_MATCH = YES;
				COPY_PHASE_STRIP = NO;
				DEBUG_INFORMATION_FORMAT = dwarf;
				ENABLE_STRICT_OBJC_MSGSEND = YES;
				ENABLE_TESTABILITY = YES;
				ENABLE_USER_SCRIPT_SANDBOXING = YES;
				GCC_C_LANGUAGE_STANDARD = gnu17;
				GCC_DYNAMIC_NO_PIC = NO;
				GCC_NO_COMMON_BLOCKS = YES;
				GCC_OPTIMIZATION_LEVEL = 0;
				GCC_PREPROCESSOR_DEFINITIONS = (
					"DEBUG=1",
					"$(inherited)",
				);
				GCC_WARN_64_TO_32_BIT_CONVERSION = YES;
				GCC_WARN_ABOUT_RETURN_TYPE = YES_ERROR;
				GCC_WARN_UNDECLARED_SELECTOR = YES;
				GCC_WARN_UNINITIALIZED_AUTOS = YES_AGGRESSIVE;
				GCC_WARN_UNUSED_FUNCTION = YES;
				GCC_WARN_UNUSED_VARIABLE = YES;
				IPHONEOS_DEPLOYMENT_TARGET = 17.0;
				LOCALIZATION_PREFERS_STRING_CATALOGS = YES;
				MTL_ENABLE_DEBUG_INFO = INCLUDE_SOURCE;
				MTL_FAST_MATH = YES;
				ONLY_ACTIVE_ARCH = YES;
				SDKROOT = iphoneos;
				SWIFT_ACTIVE_COMPILATION_CONDITIONS = "DEBUG $(inherited)";
				SWIFT_OPTIMIZATION_LEVEL = "-Onone";
			};
			name = Debug;
		};
		F1A351D02AFC36A50024F854 /* Release */ = {
			isa = XCBuildConfiguration;
			buildSettings = {
				ALWAYS_SEARCH_USER_PATHS = NO;
				ASSETCATALOG_COMPILER_GENERATE_SWIFT_ASSET_SYMBOL_EXTENSIONS = YES;
				CLANG_ANALYZER_NONNULL = YES;
				CLANG_ANALYZER_NUMBER_OBJECT_CONVERSION = YES_AGGRESSIVE;
				CLANG_CXX_LANGUAGE_STANDARD = "gnu++20";
				CLANG_ENABLE_MODULES = YES;
				CLANG_ENABLE_OBJC_ARC = YES;
				CLANG_ENABLE_OBJC_WEAK = YES;
				CLANG_WARN_BLOCK_CAPTURE_AUTORELEASING = YES;
				CLANG_WARN_BOOL_CONVERSION = YES;
				CLANG_WARN_COMMA = YES;
				CLANG_WARN_CONSTANT_CONVERSION = YES;
				CLANG_WARN_DEPRECATED_OBJC_IMPLEMENTATIONS = YES;
				CLANG_WARN_DIRECT_OBJC_ISA_USAGE = YES_ERROR;
				CLANG_WARN_DOCUMENTATION_COMMENTS = YES;
				CLANG_WARN_EMPTY_BODY = YES;
				CLANG_WARN_ENUM_CONVERSION = YES;
				CLANG_WARN_INFINITE_RECURSION = YES;
				CLANG_WARN_INT_CONVERSION = YES;
				CLANG_WARN_NON_LITERAL_NULL_CONVERSION = YES;
				CLANG_WARN_OBJC_IMPLICIT_RETAIN_SELF = YES;
				CLANG_WARN_OBJC_LITERAL_CONVERSION = YES;
				CLANG_WARN_OBJC_ROOT_CLASS = YES_ERROR;
				CLANG_WARN_QUOTED_INCLUDE_IN_FRAMEWORK_HEADER = YES;
				CLANG_WARN_RANGE_LOOP_ANALYSIS = YES;
				CLANG_WARN_STRICT_PROTOTYPES = YES;
				CLANG_WARN_SUSPICIOUS_MOVE = YES;
				CLANG_WARN_UNGUARDED_AVAILABILITY = YES_AGGRESSIVE;
				CLANG_WARN_UNREACHABLE_CODE = YES;
				CLANG_WARN__DUPLICATE_METHOD_MATCH = YES;
				COPY_PHASE_STRIP = NO;
				DEBUG_INFORMATION_FORMAT = "dwarf-with-dsym";
				ENABLE_NS_ASSERTIONS = NO;
				ENABLE_STRICT_OBJC_MSGSEND = YES;
				ENABLE_USER_SCRIPT_SANDBOXING = YES;
				GCC_C_LANGUAGE_STANDARD = gnu17;
				GCC_NO_COMMON_BLOCKS = YES;
				GCC_WARN_64_TO_32_BIT_CONVERSION = YES;
				GCC_WARN_ABOUT_RETURN_TYPE = YES_ERROR;
				GCC_WARN_UNDECLARED_SELECTOR = YES;
				GCC_WARN_UNINITIALIZED_AUTOS = YES_AGGRESSIVE;
				GCC_WARN_UNUSED_FUNCTION = YES;
				GCC_WARN_UNUSED_VARIABLE = YES;
				IPHONEOS_DEPLOYMENT_TARGET = 17.0;
				LOCALIZATION_PREFERS_STRING_CATALOGS = YES;
				MTL_ENABLE_DEBUG_INFO = NO;
				MTL_FAST_MATH = YES;
				SDKROOT = iphoneos;
				SWIFT_COMPILATION_MODE = wholemodule;
				VALIDATE_PRODUCT = YES;
			};
			name = Release;
		};
		F1A351D22AFC36A50024F854 /* Debug */ = {
			isa = XCBuildConfiguration;
			buildSettings = {
				ASSETCATALOG_COMPILER_APPICON_NAME = AppIcon;
				ASSETCATALOG_COMPILER_GLOBAL_ACCENT_COLOR_NAME = AccentColor;
				CODE_SIGN_STYLE = Automatic;
				CURRENT_PROJECT_VERSION = 1;
				DEVELOPMENT_ASSET_PATHS = "\"FetchDesserts/Preview Content\"";
				ENABLE_PREVIEWS = YES;
				GENERATE_INFOPLIST_FILE = YES;
				INFOPLIST_KEY_UIApplicationSceneManifest_Generation = YES;
				INFOPLIST_KEY_UIApplicationSupportsIndirectInputEvents = YES;
				INFOPLIST_KEY_UILaunchScreen_Generation = YES;
				INFOPLIST_KEY_UISupportedInterfaceOrientations_iPad = "UIInterfaceOrientationPortrait UIInterfaceOrientationPortraitUpsideDown UIInterfaceOrientationLandscapeLeft UIInterfaceOrientationLandscapeRight";
				INFOPLIST_KEY_UISupportedInterfaceOrientations_iPhone = "UIInterfaceOrientationPortrait UIInterfaceOrientationLandscapeLeft UIInterfaceOrientationLandscapeRight";
				IPHONEOS_DEPLOYMENT_TARGET = 15.0;
				LD_RUNPATH_SEARCH_PATHS = (
					"$(inherited)",
					"@executable_path/Frameworks",
				);
				MARKETING_VERSION = 1.0;
				PRODUCT_BUNDLE_IDENTIFIER = com.majinbrick.FetchDesserts;
				PRODUCT_NAME = "$(TARGET_NAME)";
				SWIFT_EMIT_LOC_STRINGS = YES;
				SWIFT_VERSION = 5.0;
				TARGETED_DEVICE_FAMILY = "1,2";
			};
			name = Debug;
		};
		F1A351D32AFC36A50024F854 /* Release */ = {
			isa = XCBuildConfiguration;
			buildSettings = {
				ASSETCATALOG_COMPILER_APPICON_NAME = AppIcon;
				ASSETCATALOG_COMPILER_GLOBAL_ACCENT_COLOR_NAME = AccentColor;
				CODE_SIGN_STYLE = Automatic;
				CURRENT_PROJECT_VERSION = 1;
				DEVELOPMENT_ASSET_PATHS = "\"FetchDesserts/Preview Content\"";
				ENABLE_PREVIEWS = YES;
				GENERATE_INFOPLIST_FILE = YES;
				INFOPLIST_KEY_UIApplicationSceneManifest_Generation = YES;
				INFOPLIST_KEY_UIApplicationSupportsIndirectInputEvents = YES;
				INFOPLIST_KEY_UILaunchScreen_Generation = YES;
				INFOPLIST_KEY_UISupportedInterfaceOrientations_iPad = "UIInterfaceOrientationPortrait UIInterfaceOrientationPortraitUpsideDown UIInterfaceOrientationLandscapeLeft UIInterfaceOrientationLandscapeRight";
				INFOPLIST_KEY_UISupportedInterfaceOrientations_iPhone = "UIInterfaceOrientationPortrait UIInterfaceOrientationLandscapeLeft UIInterfaceOrientationLandscapeRight";
				IPHONEOS_DEPLOYMENT_TARGET = 15.0;
				LD_RUNPATH_SEARCH_PATHS = (
					"$(inherited)",
					"@executable_path/Frameworks",
				);
				MARKETING_VERSION = 1.0;
				PRODUCT_BUNDLE_IDENTIFIER = com.majinbrick.FetchDesserts;
				PRODUCT_NAME = "$(TARGET_NAME)";
				SWIFT_EMIT_LOC_STRINGS = YES;
				SWIFT_VERSION = 5.0;
				TARGETED_DEVICE_FAMILY = "1,2";
			};
			name = Release;
		};
		F1A351D52AFC36A50024F854 /* Debug */ = {
			isa = XCBuildConfiguration;
			buildSettings = {
				ALWAYS_EMBED_SWIFT_STANDARD_LIBRARIES = YES;
				BUNDLE_LOADER = "$(TEST_HOST)";
				CODE_SIGN_STYLE = Automatic;
				CURRENT_PROJECT_VERSION = 1;
				GENERATE_INFOPLIST_FILE = YES;
				IPHONEOS_DEPLOYMENT_TARGET = 17.0;
				MARKETING_VERSION = 1.0;
				PRODUCT_BUNDLE_IDENTIFIER = com.majinbrick.FetchDessertsTests;
				PRODUCT_NAME = "$(TARGET_NAME)";
				SWIFT_EMIT_LOC_STRINGS = NO;
				SWIFT_VERSION = 5.0;
				TARGETED_DEVICE_FAMILY = "1,2";
				TEST_HOST = "$(BUILT_PRODUCTS_DIR)/FetchDesserts.app/$(BUNDLE_EXECUTABLE_FOLDER_PATH)/FetchDesserts";
			};
			name = Debug;
		};
		F1A351D62AFC36A50024F854 /* Release */ = {
			isa = XCBuildConfiguration;
			buildSettings = {
				ALWAYS_EMBED_SWIFT_STANDARD_LIBRARIES = YES;
				BUNDLE_LOADER = "$(TEST_HOST)";
				CODE_SIGN_STYLE = Automatic;
				CURRENT_PROJECT_VERSION = 1;
				GENERATE_INFOPLIST_FILE = YES;
				IPHONEOS_DEPLOYMENT_TARGET = 17.0;
				MARKETING_VERSION = 1.0;
				PRODUCT_BUNDLE_IDENTIFIER = com.majinbrick.FetchDessertsTests;
				PRODUCT_NAME = "$(TARGET_NAME)";
				SWIFT_EMIT_LOC_STRINGS = NO;
				SWIFT_VERSION = 5.0;
				TARGETED_DEVICE_FAMILY = "1,2";
				TEST_HOST = "$(BUILT_PRODUCTS_DIR)/FetchDesserts.app/$(BUNDLE_EXECUTABLE_FOLDER_PATH)/FetchDesserts";
			};
			name = Release;
		};
		F1A351D82AFC36A50024F854 /* Debug */ = {
			isa = XCBuildConfiguration;
			buildSettings = {
				ALWAYS_EMBED_SWIFT_STANDARD_LIBRARIES = YES;
				CODE_SIGN_STYLE = Automatic;
				CURRENT_PROJECT_VERSION = 1;
				GENERATE_INFOPLIST_FILE = YES;
				MARKETING_VERSION = 1.0;
				PRODUCT_BUNDLE_IDENTIFIER = com.majinbrick.FetchDessertsUITests;
				PRODUCT_NAME = "$(TARGET_NAME)";
				SWIFT_EMIT_LOC_STRINGS = NO;
				SWIFT_VERSION = 5.0;
				TARGETED_DEVICE_FAMILY = "1,2";
				TEST_TARGET_NAME = FetchDesserts;
			};
			name = Debug;
		};
		F1A351D92AFC36A50024F854 /* Release */ = {
			isa = XCBuildConfiguration;
			buildSettings = {
				ALWAYS_EMBED_SWIFT_STANDARD_LIBRARIES = YES;
				CODE_SIGN_STYLE = Automatic;
				CURRENT_PROJECT_VERSION = 1;
				GENERATE_INFOPLIST_FILE = YES;
				MARKETING_VERSION = 1.0;
				PRODUCT_BUNDLE_IDENTIFIER = com.majinbrick.FetchDessertsUITests;
				PRODUCT_NAME = "$(TARGET_NAME)";
				SWIFT_EMIT_LOC_STRINGS = NO;
				SWIFT_VERSION = 5.0;
				TARGETED_DEVICE_FAMILY = "1,2";
				TEST_TARGET_NAME = FetchDesserts;
			};
			name = Release;
		};
/* End XCBuildConfiguration section */

/* Begin XCConfigurationList section */
		F1A351A82AFC36A30024F854 /* Build configuration list for PBXProject "FetchDesserts" */ = {
			isa = XCConfigurationList;
			buildConfigurations = (
				F1A351CF2AFC36A50024F854 /* Debug */,
				F1A351D02AFC36A50024F854 /* Release */,
			);
			defaultConfigurationIsVisible = 0;
			defaultConfigurationName = Release;
		};
		F1A351D12AFC36A50024F854 /* Build configuration list for PBXNativeTarget "FetchDesserts" */ = {
			isa = XCConfigurationList;
			buildConfigurations = (
				F1A351D22AFC36A50024F854 /* Debug */,
				F1A351D32AFC36A50024F854 /* Release */,
			);
			defaultConfigurationIsVisible = 0;
			defaultConfigurationName = Release;
		};
		F1A351D42AFC36A50024F854 /* Build configuration list for PBXNativeTarget "FetchDessertsTests" */ = {
			isa = XCConfigurationList;
			buildConfigurations = (
				F1A351D52AFC36A50024F854 /* Debug */,
				F1A351D62AFC36A50024F854 /* Release */,
			);
			defaultConfigurationIsVisible = 0;
			defaultConfigurationName = Release;
		};
		F1A351D72AFC36A50024F854 /* Build configuration list for PBXNativeTarget "FetchDessertsUITests" */ = {
			isa = XCConfigurationList;
			buildConfigurations = (
				F1A351D82AFC36A50024F854 /* Debug */,
				F1A351D92AFC36A50024F854 /* Release */,
			);
			defaultConfigurationIsVisible = 0;
			defaultConfigurationName = Release;
		};
/* End XCConfigurationList section */
	};
	rootObject = F1A351A52AFC36A30024F854 /* Project object */;
}
